{
  "lockfile-version": 1,
  "manifest": {
    "version": 1,
    "install": {
      "nodejs": {
        "pkg-path": "nodejs"
      }
    },
    "options": {},
    "build": {
      "piskel": {
        "command": "npm install --omit=dev\nnpm install grunt-cli --save-dev\n\nif [[ $(uname) == 'Darwin' ]]; then\n  node_modules/.bin/grunt desktop-mac\n  cp -r out/ $out/\nelse\n  node_modules/.bin/grunt desktop\n\n  mkdir -p $out/piskel\n  cp -r out/* $out/piskel/\n\n  mkdir -p $out/bin\n  mv $out/piskel/piskel $out/bin/piskel\n\n  mv $out/piskel/lib $out/\nfi\n\n",
        "version": "20250507",
        "description": "A simple web-based tool for Spriting and Pixel art."
      }
    }
  },
  "packages": [
    {
      "attr_path": "nodejs",
      "broken": false,
      "derivation": "/nix/store/dv56b2484ciasdm6pqcsabw8b8kgs696-nodejs-22.14.0.drv",
      "description": "Event-driven I/O framework for the V8 JavaScript engine",
      "install_id": "nodejs",
      "license": "MIT",
      "locked_url": "https://github.com/flox/nixpkgs?rev=c2a03962b8e24e669fb37b7df10e7c79531ff1a4",
      "name": "nodejs-22.14.0",
      "pname": "nodejs",
      "rev": "c2a03962b8e24e669fb37b7df10e7c79531ff1a4",
      "rev_count": 810143,
      "rev_date": "2025-06-03T05:50:57Z",
      "scrape_date": "2025-06-05T04:24:23.264914Z",
      "stabilities": [
        "unstable"
      ],
      "unfree": false,
      "version": "22.14.0",
      "outputs_to_install": [
        "out"
      ],
      "outputs": {
        "dev": "/nix/store/96vpirdcns8zxdwzwl7n804012lwrf1n-nodejs-22.14.0-dev",
        "libv8": "/nix/store/xph2837xqjnra80mqlk64xp7vb3kkqxs-nodejs-22.14.0-libv8",
        "out": "/nix/store/g5bv4gi6p7ryhs2hbaryxs6ivsxa6lqc-nodejs-22.14.0"
      },
      "system": "aarch64-darwin",
      "group": "toplevel",
      "priority": 5
    },
    {
      "attr_path": "nodejs",
      "broken": false,
      "derivation": "/nix/store/854x3w5p03fzvyfjxnfl4isb7jb0c4hc-nodejs-22.14.0.drv",
      "description": "Event-driven I/O framework for the V8 JavaScript engine",
      "install_id": "nodejs",
      "license": "MIT",
      "locked_url": "https://github.com/flox/nixpkgs?rev=c2a03962b8e24e669fb37b7df10e7c79531ff1a4",
      "name": "nodejs-22.14.0",
      "pname": "nodejs",
      "rev": "c2a03962b8e24e669fb37b7df10e7c79531ff1a4",
      "rev_count": 810143,
      "rev_date": "2025-06-03T05:50:57Z",
      "scrape_date": "2025-06-05T04:43:17.551505Z",
      "stabilities": [
        "unstable"
      ],
      "unfree": false,
      "version": "22.14.0",
      "outputs_to_install": [
        "out"
      ],
      "outputs": {
        "dev": "/nix/store/0w5mql46am2qai707a42q983l44l1h9z-nodejs-22.14.0-dev",
        "libv8": "/nix/store/vy56lahz381ayvw3hym3wj4r4ggv7gbk-nodejs-22.14.0-libv8",
        "out": "/nix/store/cwb781xbp70f72njqh8vhvbsf1xq87i5-nodejs-22.14.0"
      },
      "system": "aarch64-linux",
      "group": "toplevel",
      "priority": 5
    },
    {
      "attr_path": "nodejs",
      "broken": false,
      "derivation": "/nix/store/5fg6q2k7q1632y9xn9c09f5xdcfgkn14-nodejs-22.14.0.drv",
      "description": "Event-driven I/O framework for the V8 JavaScript engine",
      "install_id": "nodejs",
      "license": "MIT",
      "locked_url": "https://github.com/flox/nixpkgs?rev=c2a03962b8e24e669fb37b7df10e7c79531ff1a4",
      "name": "nodejs-22.14.0",
      "pname": "nodejs",
      "rev": "c2a03962b8e24e669fb37b7df10e7c79531ff1a4",
      "rev_count": 810143,
      "rev_date": "2025-06-03T05:50:57Z",
      "scrape_date": "2025-06-05T05:00:41.399592Z",
      "stabilities": [
        "unstable"
      ],
      "unfree": false,
      "version": "22.14.0",
      "outputs_to_install": [
        "out"
      ],
      "outputs": {
        "dev": "/nix/store/24n01nfvy908pwzwpgsl0k4227187i7i-nodejs-22.14.0-dev",
        "libv8": "/nix/store/jiwk0in1wk85crn9vp03gg937gbh1s0w-nodejs-22.14.0-libv8",
        "out": "/nix/store/086zjv14ipka2vbpgwil3xyvi5ml4vh3-nodejs-22.14.0"
      },
      "system": "x86_64-darwin",
      "group": "toplevel",
      "priority": 5
    },
    {
      "attr_path": "nodejs",
      "broken": false,
      "derivation": "/nix/store/s7njrwlm4w6855mkjamliyjsp0d37vz1-nodejs-22.14.0.drv",
      "description": "Event-driven I/O framework for the V8 JavaScript engine",
      "install_id": "nodejs",
      "license": "MIT",
      "locked_url": "https://github.com/flox/nixpkgs?rev=c2a03962b8e24e669fb37b7df10e7c79531ff1a4",
      "name": "nodejs-22.14.0",
      "pname": "nodejs",
      "rev": "c2a03962b8e24e669fb37b7df10e7c79531ff1a4",
      "rev_count": 810143,
      "rev_date": "2025-06-03T05:50:57Z",
      "scrape_date": "2025-06-05T05:20:53.479372Z",
      "stabilities": [
        "unstable"
      ],
      "unfree": false,
      "version": "22.14.0",
      "outputs_to_install": [
        "out"
      ],
      "outputs": {
        "dev": "/nix/store/xw8c1c0inxq3xl1d7axz19vq8c05kjk5-nodejs-22.14.0-dev",
        "libv8": "/nix/store/s8gnrgh9hgnbkrc1wrn21d6zvkbvm9vi-nodejs-22.14.0-libv8",
        "out": "/nix/store/c8jxsih8yy2rnncdmx2hyraizf689nvp-nodejs-22.14.0"
      },
      "system": "x86_64-linux",
      "group": "toplevel",
      "priority": 5
    }
  ]
}